# THIS IS AN AUTOGENERATED FILE. DO NOT EDIT THIS FILE DIRECTLY.
# yarn lockfile v1


"@analytics/cookie-utils@^0.2.10":
  version "0.2.10"
  resolved "https://registry.yarnpkg.com/@analytics/cookie-utils/-/cookie-utils-0.2.10.tgz#94d1ad0766c58c4a294e5ca54f59b0a69bd574b4"
  integrity sha512-k7oyW1PkMCnEdCYmHCLLXAsKavQh5ZRh5EeugBEUTlPJs8x8ajF+W1T0PYVDS26Impkea1sJR2etv/6l2pKtlg==
  dependencies:
    "@analytics/global-storage-utils" "^0.1.5"

"@analytics/core@^0.11.1":
  version "0.11.1"
  resolved "https://registry.yarnpkg.com/@analytics/core/-/core-0.11.1.tgz#3d26858aeaf77b80810e269a4ecfd70173032501"
  integrity sha512-vHuiMpeGV6jGRRoOuScUJ4CHpVd1Zu9M+fjEWgN+boMAxIwFCtRTkSbhhIP337JuEBLpMT8w37OxA4Yh3NZFZw==
  dependencies:
    "@analytics/global-storage-utils" "^0.1.5"
    "@analytics/type-utils" "^0.6.0"
    analytics-utils "^1.0.10"

"@analytics/global-storage-utils@^0.1.5":
  version "0.1.5"
  resolved "https://registry.yarnpkg.com/@analytics/global-storage-utils/-/global-storage-utils-0.1.5.tgz#54cc14f8d678610b5fca1e98215fe29fff662f31"
  integrity sha512-DzOCd0qK7PGnz/dgBYNzLmaFBkxcEHM6/CpWMY7hel1IBUldMsyet4sdRgI2Nk+Wc6B/YvqVqos68p5ntB59zA==
  dependencies:
    "@analytics/type-utils" "^0.6.0"

"@analytics/localstorage-utils@^0.1.8":
  version "0.1.8"
  resolved "https://registry.yarnpkg.com/@analytics/localstorage-utils/-/localstorage-utils-0.1.8.tgz#eab6a9690ccd3c05d131e3a9788b4443affdb800"
  integrity sha512-tU5rLEHdYRc4EmRXkWacMJSmu4SeJfQuxvthSHHRVx3hGBQ00MJRDGyDHMXcrLKQXrBpsJo6t/8YRavHLOxDPQ==
  dependencies:
    "@analytics/global-storage-utils" "^0.1.5"

"@analytics/session-storage-utils@^0.0.5":
  version "0.0.5"
  resolved "https://registry.yarnpkg.com/@analytics/session-storage-utils/-/session-storage-utils-0.0.5.tgz#f0501ef73d1b94a34e94057056cadaeee4f65fdf"
  integrity sha512-BXRNQ73GSkkkny//a/SNCYRyrIhEJBwOTcdNkr2gq6ghXgekQGrTfVzwybZ/tAEHA0XYkkaOszelRsDPxa+UOQ==
  dependencies:
    "@analytics/global-storage-utils" "^0.1.5"

"@analytics/storage-utils@^0.4.0":
  version "0.4.0"
  resolved "https://registry.yarnpkg.com/@analytics/storage-utils/-/storage-utils-0.4.0.tgz#12e5c0683f0124e189650a4989a627f3318d7995"
  integrity sha512-RY9nhoSQcuQxkmVUZBG3ULOwiFxi+H5N0WHn+FPUScnoM4b+tC48dWzyFxD9qKyWPah8/ndjCj6r+6wTGSl1zw==
  dependencies:
    "@analytics/cookie-utils" "^0.2.10"
    "@analytics/global-storage-utils" "^0.1.5"
    "@analytics/localstorage-utils" "^0.1.8"
    "@analytics/session-storage-utils" "^0.0.5"
    "@analytics/type-utils" "^0.6.0"

"@analytics/type-utils@^0.6.0":
  version "0.6.0"
  resolved "https://registry.yarnpkg.com/@analytics/type-utils/-/type-utils-0.6.0.tgz#1b8745516da5a654d292ed3f2db893c61cd3d9c5"
  integrity sha512-1Yw7u/COtxx06BfwlI+kVhsa/upKYzmCNrT4c8QDeCY2KMYlnijkUjtHiPU08HxyTIVB5j6d75O0YWVIHwQS8g==

"@types/js-cookie@^3.0.2":
  version "3.0.2"
  resolved "https://registry.yarnpkg.com/@types/js-cookie/-/js-cookie-3.0.2.tgz#451eaeece64c6bdac8b2dde0caab23b085899e0d"
  integrity sha512-6+0ekgfusHftJNYpihfkMu8BWdeHs9EOJuGcSofErjstGPfPGEu9yTu4t460lTzzAMl2cM5zngQJqPMHbbnvYA==

"@types/nanoid@^2.1.0":
  version "2.1.0"
  resolved "https://registry.yarnpkg.com/@types/nanoid/-/nanoid-2.1.0.tgz#41edfda78986e9127d0dc14de982de766f994020"
  integrity sha512-xdkn/oRTA0GSNPLIKZgHWqDTWZsVrieKomxJBOQUK9YDD+zfSgmwD5t4WJYra5S7XyhTw7tfvwznW+pFexaepQ==
  dependencies:
    "@types/node" "*"

"@types/node@*":
  version "18.11.13"
  resolved "https://registry.yarnpkg.com/@types/node/-/node-18.11.13.tgz#dff34f226ec1ac0432ae3b136ec5552bd3b9c0fe"
  integrity sha512-IASpMGVcWpUsx5xBOrxMj7Bl8lqfuTY7FKAnPmu5cHkfQVWF8GulWS1jbRqA934qZL35xh5xN/+Xe/i26Bod4w==

analytics-utils@^1.0.10:
  version "1.0.10"
  resolved "https://registry.yarnpkg.com/analytics-utils/-/analytics-utils-1.0.10.tgz#e44078176c67005e5b11aae1dc538202744a5ca5"
  integrity sha512-ZKYKhip7Sf09qE85l4vZMBPR3fz6ISUTlwzkWSwJHbzLLzP5qrWQtcQlBcP9Pah7BMNSq8pqho+PX4ZKB014Yg==
  dependencies:
    "@analytics/type-utils" "^0.6.0"
    dlv "^1.1.3"

analytics@^0.8.1:
  version "0.8.1"
  resolved "https://registry.yarnpkg.com/analytics/-/analytics-0.8.1.tgz#e8ed0d5e729e666c1ab64dc5bdaa5f8231f05a1b"
  integrity sha512-mXOe8zTGDfiYqw9MZsgul8HrOBmHsIwk/0xbrkGZr75yvWqAcyKfZA0WjOalwI9tzIKv8WNfHV5yhnrtQcXJpw==
  dependencies:
    "@analytics/core" "^0.11.1"
    "@analytics/storage-utils" "^0.4.0"

dlv@^1.1.3:
  version "1.1.3"
  resolved "https://registry.yarnpkg.com/dlv/-/dlv-1.1.3.tgz#5c198a8a11453596e751494d49874bc7732f2e79"
  integrity sha512-+HlytyjlPKnIG8XuRG8WvmBP8xs8P71y+SKKS6ZXWoEgLuePxtDoUEiH7WkdePWrQ5JBpE6aoVqfZfJUQkjXwA==

js-cookie@^3.0.1:
  version "3.0.1"
  resolved "https://registry.yarnpkg.com/js-cookie/-/js-cookie-3.0.1.tgz#9e39b4c6c2f56563708d7d31f6f5f21873a92414"
  integrity sha512-+0rgsUXZu4ncpPxRL+lNEptWMOWl9etvPHc/koSRp6MPwpRYAhmk0dUG00J4bxVV3r9uUzfo24wW0knS07SKSw==

matomo-tracker@^2.2.4:
  version "2.2.4"
  resolved "https://registry.yarnpkg.com/matomo-tracker/-/matomo-tracker-2.2.4.tgz#ee397d915d7b2e7964996ca28a0a03f4f0692453"
  integrity sha512-7fDy4wRhDQ1dnSxVqmnVqmmos9ACKag0fCBtBD3/Qeoqks7MFqXcO35nfS6S8xU/IXNf7534q/4Gx8fuWKYW6A==

nanoid@^2.1.11:
  version "2.1.11"
  resolved "https://registry.yarnpkg.com/nanoid/-/nanoid-2.1.11.tgz#ec24b8a758d591561531b4176a01e3ab4f0f0280"
  integrity sha512-s/snB+WGm6uwi0WjsZdaVcuf3KJXlfGl2LcxgwkEwJF0D/BWzVWAZW/XY4bFaiR7s0Jk3FPvlnepg1H1b1UwlA==

typescript@^4.7.4:
  version "4.7.4"
  resolved "https://registry.yarnpkg.com/typescript/-/typescript-4.7.4.tgz#1a88596d1cf47d59507a1bcdfb5b9dfe4d488235"
  integrity sha512-C0WQT0gezHuw6AdY1M2jxUO83Rjf0HP7Sk1DtXj6j1EwkQNZrHAg2XPWlq62oqEhYvONq5pkC2Y9oPljWToLmQ==
